
Microsoft Visual Studio Solution File, Format Version 12.00
# Visual Studio 14
VisualStudioVersion = 14.0.23107.0
MinimumVisualStudioVersion = 10.0.40219.1
Project("{FAE04EC0-301F-11D3-BF4B-00C04F79EFBC}") = "SuperXml", "SuperXML\SuperXml.csproj", "{70C20BF5-B4BF-49F6-8485-57CEA42B9FFE}"
EndProject
Project("{FAE04EC0-301F-11D3-BF4B-00C04F79EFBC}") = "Test", "Test\Test.csproj", "{F72DF845-52FD-4163-B276-BEDF8E6D4826}"
EndProject
Global
	GlobalSection(SolutionConfigurationPlatforms) = preSolution
		Debug|Any CPU = Debug|Any CPU
		Release|Any CPU = Release|Any CPU
	EndGlobalSection
	GlobalSection(ProjectConfigurationPlatforms) = postSolution
		{70C20BF5-B4BF-49F6-8485-57CEA42B9FFE}.Debug|Any CPU.ActiveCfg = Debug|Any CPU
		{70C20BF5-B4BF-49F6-8485-57CEA42B9FFE}.Debug|Any CPU.Build.0 = Debug|Any CPU
		{70C20BF5-B4BF-49F6-8485-57CEA42B9FFE}.Release|Any CPU.ActiveCfg = Release|Any CPU
		{70C20BF5-B4BF-49F6-8485-57CEA42B9FFE}.Release|Any CPU.Build.0 = Release|Any CPU
		{F72DF845-52FD-4163-B276-BEDF8E6D4826}.Debug|Any CPU.ActiveCfg = Debug|Any CPU
		{F72DF845-52FD-4163-B276-BEDF8E6D4826}.Debug|Any CPU.Build.0 = Debug|Any CPU
		{F72DF845-52FD-4163-B276-BEDF8E6D4826}.Release|Any CPU.ActiveCfg = Release|Any CPU
		{F72DF845-52FD-4163-B276-BEDF8E6D4826}.Release|Any CPU.Build.0 = Release|Any CPU
	EndGlobalSection
	GlobalSection(SolutionProperties) = preSolution
		HideSolutionNode = FALSE
	EndGlobalSection
EndGlobal
